
Microsoft Visual Studio Solution File, Format Version 12.00
# Visual Studio Version 16
VisualStudioVersion = 16.0.31424.327
MinimumVisualStudioVersion = 10.0.40219.1
Project("{9A19103F-16F7-4668-BE54-9A1E7A4F7556}") = "GothamCity.Domain.Test", "GothanCity.Domain.Test\GothamCity.Domain.Test.csproj", "{B865B50F-CBFA-4E33-8741-C3095766D69A}"
EndProject
Project("{9A19103F-16F7-4668-BE54-9A1E7A4F7556}") = "GothamCity.Domain", "GothanCity.Domain\GothamCity.Domain.csproj", "{FBD6D8C2-9F9A-408E-97C5-5A87675CA958}"
EndProject
Project("{9A19103F-16F7-4668-BE54-9A1E7A4F7556}") = "GothamCity.Infra", "GothamCity.Infra\GothamCity.Infra.csproj", "{596C690A-05A9-42FA-9681-71B699381E53}"
EndProject
Project("{9A19103F-16F7-4668-BE54-9A1E7A4F7556}") = "GothamCity", "GothamCity\GothamCity.csproj", "{7263C9D0-6DF9-4CDB-84FD-332A08EC395D}"
EndProject
Global
	GlobalSection(SolutionConfigurationPlatforms) = preSolution
		Debug|Any CPU = Debug|Any CPU
		Release|Any CPU = Release|Any CPU
	EndGlobalSection
	GlobalSection(ProjectConfigurationPlatforms) = postSolution
		{B865B50F-CBFA-4E33-8741-C3095766D69A}.Debug|Any CPU.ActiveCfg = Debug|Any CPU
		{B865B50F-CBFA-4E33-8741-C3095766D69A}.Debug|Any CPU.Build.0 = Debug|Any CPU
		{B865B50F-CBFA-4E33-8741-C3095766D69A}.Release|Any CPU.ActiveCfg = Release|Any CPU
		{B865B50F-CBFA-4E33-8741-C3095766D69A}.Release|Any CPU.Build.0 = Release|Any CPU
		{FBD6D8C2-9F9A-408E-97C5-5A87675CA958}.Debug|Any CPU.ActiveCfg = Debug|Any CPU
		{FBD6D8C2-9F9A-408E-97C5-5A87675CA958}.Debug|Any CPU.Build.0 = Debug|Any CPU
		{FBD6D8C2-9F9A-408E-97C5-5A87675CA958}.Release|Any CPU.ActiveCfg = Release|Any CPU
		{FBD6D8C2-9F9A-408E-97C5-5A87675CA958}.Release|Any CPU.Build.0 = Release|Any CPU
		{596C690A-05A9-42FA-9681-71B699381E53}.Debug|Any CPU.ActiveCfg = Debug|Any CPU
		{596C690A-05A9-42FA-9681-71B699381E53}.Debug|Any CPU.Build.0 = Debug|Any CPU
		{596C690A-05A9-42FA-9681-71B699381E53}.Release|Any CPU.ActiveCfg = Release|Any CPU
		{596C690A-05A9-42FA-9681-71B699381E53}.Release|Any CPU.Build.0 = Release|Any CPU
		{7263C9D0-6DF9-4CDB-84FD-332A08EC395D}.Debug|Any CPU.ActiveCfg = Debug|Any CPU
		{7263C9D0-6DF9-4CDB-84FD-332A08EC395D}.Debug|Any CPU.Build.0 = Debug|Any CPU
		{7263C9D0-6DF9-4CDB-84FD-332A08EC395D}.Release|Any CPU.ActiveCfg = Release|Any CPU
		{7263C9D0-6DF9-4CDB-84FD-332A08EC395D}.Release|Any CPU.Build.0 = Release|Any CPU
	EndGlobalSection
	GlobalSection(SolutionProperties) = preSolution
		HideSolutionNode = FALSE
	EndGlobalSection
	GlobalSection(ExtensibilityGlobals) = postSolution
		SolutionGuid = {41938936-C1D1-4149-9F7F-88828EFB2C23}
	EndGlobalSection
EndGlobal
